
Microsoft Visual Studio Solution File, Format Version 12.00
# Visual Studio 14
VisualStudioVersion = 14.0.25123.0
MinimumVisualStudioVersion = 10.0.40219.1
Project("{FAE04EC0-301F-11D3-BF4B-00C04F79EFBC}") = "VS_Object_Mentor", "VS_Object_Mentor\VS_Object_Mentor.csproj", "{0B2E586E-46F4-4717-AF74-9C1FA05FBB63}"
EndProject
Project("{FAE04EC0-301F-11D3-BF4B-00C04F79EFBC}") = "Test", "Test\Test.csproj", "{8791A8BE-145E-45A0-8390-AD5D3BB00773}"
EndProject
Global
	GlobalSection(SolutionConfigurationPlatforms) = preSolution
		Debug|Any CPU = Debug|Any CPU
		Release|Any CPU = Release|Any CPU
	EndGlobalSection
	GlobalSection(ProjectConfigurationPlatforms) = postSolution
		{0B2E586E-46F4-4717-AF74-9C1FA05FBB63}.Debug|Any CPU.ActiveCfg = Debug|Any CPU
		{0B2E586E-46F4-4717-AF74-9C1FA05FBB63}.Debug|Any CPU.Build.0 = Debug|Any CPU
		{0B2E586E-46F4-4717-AF74-9C1FA05FBB63}.Release|Any CPU.ActiveCfg = Release|Any CPU
		{0B2E586E-46F4-4717-AF74-9C1FA05FBB63}.Release|Any CPU.Build.0 = Release|Any CPU
		{8791A8BE-145E-45A0-8390-AD5D3BB00773}.Debug|Any CPU.ActiveCfg = Debug|Any CPU
		{8791A8BE-145E-45A0-8390-AD5D3BB00773}.Debug|Any CPU.Build.0 = Debug|Any CPU
		{8791A8BE-145E-45A0-8390-AD5D3BB00773}.Release|Any CPU.ActiveCfg = Release|Any CPU
		{8791A8BE-145E-45A0-8390-AD5D3BB00773}.Release|Any CPU.Build.0 = Release|Any CPU
	EndGlobalSection
	GlobalSection(SolutionProperties) = preSolution
		HideSolutionNode = FALSE
	EndGlobalSection
EndGlobal
